// !$*UTF8*$!
{
	archiveVersion = 1;
	classes = {
	};
	objectVersion = 46;
	objects = {

/* Begin PBXBuildFile section */
		B99F0E441AA98E13003D83BA /* main.m in Sources */ = {isa = PBXBuildFile; fileRef = B99F0E431AA98E13003D83BA /* main.m */; };
		B99F0E471AA98E13003D83BA /* AppDelegate.m in Sources */ = {isa = PBXBuildFile; fileRef = B99F0E461AA98E13003D83BA /* AppDelegate.m */; };
		B99F0E4A1AA98E13003D83BA /* ViewController.m in Sources */ = {isa = PBXBuildFile; fileRef = B99F0E491AA98E13003D83BA /* ViewController.m */; };
		B99F0E4D1AA98E13003D83BA /* Main.storyboard in Resources */ = {isa = PBXBuildFile; fileRef = B99F0E4B1AA98E13003D83BA /* Main.storyboard */; };
		B99F0E4F1AA98E13003D83BA /* Images.xcassets in Resources */ = {isa = PBXBuildFile; fileRef = B99F0E4E1AA98E13003D83BA /* Images.xcassets */; };
		B99F0E521AA98E13003D83BA /* LaunchScreen.xib in Resources */ = {isa = PBXBuildFile; fileRef = B99F0E501AA98E13003D83BA /* LaunchScreen.xib */; };
		B99F0E5E1AA98E13003D83BA /* FGTests.m in Sources */ = {isa = PBXBuildFile; fileRef = B99F0E5D1AA98E13003D83BA /* FGTests.m */; };
/* End PBXBuildFile section */

/* Begin PBXContainerItemProxy section */
		B99F0E581AA98E13003D83BA /* PBXContainerItemProxy */ = {
			isa = PBXContainerItemProxy;
			containerPortal = B99F0E361AA98E13003D83BA /* Project object */;
			proxyType = 1;
			remoteGlobalIDString = B99F0E3D1AA98E13003D83BA;
			remoteInfo = FG;
		};
/* End PBXContainerItemProxy section */

/* Begin PBXFileReference section */
		B99F0E3E1AA98E13003D83BA /* FG.app */ = {isa = PBXFileReference; explicitFileType = wrapper.application; includeInIndex = 0; path = FG.app; sourceTree = BUILT_PRODUCTS_DIR; };
		B99F0E421AA98E13003D83BA /* Info.plist */ = {isa = PBXFileReference; lastKnownFileType = text.plist.xml; path = Info.plist; sourceTree = "<group>"; };
		B99F0E431AA98E13003D83BA /* main.m */ = {isa = PBXFileReference; lastKnownFileType = sourcecode.c.objc; path = main.m; sourceTree = "<group>"; };
		B99F0E451AA98E13003D83BA /* AppDelegate.h */ = {isa = PBXFileReference; lastKnownFileType = sourcecode.c.h; path = AppDelegate.h; sourceTree = "<group>"; };
		B99F0E461AA98E13003D83BA /* AppDelegate.m */ = {isa = PBXFileReference; lastKnownFileType = sourcecode.c.objc; path = AppDelegate.m; sourceTree = "<group>"; };
		B99F0E481AA98E13003D83BA /* ViewController.h */ = {isa = PBXFileReference; lastKnownFileType = sourcecode.c.h; path = ViewController.h; sourceTree = "<group>"; };
		B99F0E491AA98E13003D83BA /* ViewController.m */ = {isa = PBXFileReference; lastKnownFileType = sourcecode.c.objc; path = ViewController.m; sourceTree = "<group>"; };
		B99F0E4C1AA98E13003D83BA /* Base */ = {isa = PBXFileReference; lastKnownFileType = file.storyboard; name = Base; path = Base.lproj/Main.storyboard; sourceTree = "<group>"; };
		B99F0E4E1AA98E13003D83BA /* Images.xcassets */ = {isa = PBXFileReference; lastKnownFileType = folder.assetcatalog; path = Images.xcassets; sourceTree = "<group>"; };
		B99F0E511AA98E13003D83BA /* Base */ = {isa = PBXFileReference; lastKnownFileType = file.xib; name = Base; path = Base.lproj/LaunchScreen.xib; sourceTree = "<group>"; };
		B99F0E571AA98E13003D83BA /* FGTests.xctest */ = {isa = PBXFileReference; explicitFileType = wrapper.cfbundle; includeInIndex = 0; path = FGTests.xctest; sourceTree = BUILT_PRODUCTS_DIR; };
		B99F0E5C1AA98E13003D83BA /* Info.plist */ = {isa = PBXFileReference; lastKnownFileType = text.plist.xml; path = Info.plist; sourceTree = "<group>"; };
		B99F0E5D1AA98E13003D83BA /* FGTests.m */ = {isa = PBXFileReference; lastKnownFileType = sourcecode.c.objc; path = FGTests.m; sourceTree = "<group>"; };
/* End PBXFileReference section */

/* Begin PBXFrameworksBuildPhase section */
		B99F0E3B1AA98E13003D83BA /* Frameworks */ = {
			isa = PBXFrameworksBuildPhase;
			buildActionMask = 2147483647;
			files = (
			);
			runOnlyForDeploymentPostprocessing = 0;
		};
		B99F0E541AA98E13003D83BA /* Frameworks */ = {
			isa = PBXFrameworksBuildPhase;
			buildActionMask = 2147483647;
			files = (
			);
			runOnlyForDeploymentPostprocessing = 0;
		};
/* End PBXFrameworksBuildPhase section */

/* Begin PBXGroup section */
		B99F0E351AA98E13003D83BA = {
			isa = PBXGroup;
			children = (
				B99F0E401AA98E13003D83BA /* FG */,
				B99F0E5A1AA98E13003D83BA /* FGTests */,
				B99F0E3F1AA98E13003D83BA /* Products */,
			);
			sourceTree = "<group>";
		};
		B99F0E3F1AA98E13003D83BA /* Products */ = {
			isa = PBXGroup;
			children = (
				B99F0E3E1AA98E13003D83BA /* FG.app */,
				B99F0E571AA98E13003D83BA /* FGTests.xctest */,
			);
			name = Products;
			sourceTree = "<group>";
		};
		B99F0E401AA98E13003D83BA /* FG */ = {
			isa = PBXGroup;
			children = (
				B99F0E451AA98E13003D83BA /* AppDelegate.h */,
				B99F0E461AA98E13003D83BA /* AppDelegate.m */,
				B99F0E481AA98E13003D83BA /* ViewController.h */,
				B99F0E491AA98E13003D83BA /* ViewController.m */,
				B99F0E4B1AA98E13003D83BA /* Main.storyboard */,
				B99F0E4E1AA98E13003D83BA /* Images.xcassets */,
				B99F0E501AA98E13003D83BA /* LaunchScreen.xib */,
				B99F0E411AA98E13003D83BA /* Supporting Files */,
			);
			path = FG;
			sourceTree = "<group>";
		};
		B99F0E411AA98E13003D83BA /* Supporting Files */ = {
			isa = PBXGroup;
			children = (
				B99F0E421AA98E13003D83BA /* Info.plist */,
				B99F0E431AA98E13003D83BA /* main.m */,
			);
			name = "Supporting Files";
			sourceTree = "<group>";
		};
		B99F0E5A1AA98E13003D83BA /* FGTests */ = {
			isa = PBXGroup;
			children = (
				B99F0E5D1AA98E13003D83BA /* FGTests.m */,
				B99F0E5B1AA98E13003D83BA /* Supporting Files */,
			);
			path = FGTests;
			sourceTree = "<group>";
		};
		B99F0E5B1AA98E13003D83BA /* Supporting Files */ = {
			isa = PBXGroup;
			children = (
				B99F0E5C1AA98E13003D83BA /* Info.plist */,
			);
			name = "Supporting Files";
			sourceTree = "<group>";
		};
/* End PBXGroup section */

/* Begin PBXNativeTarget section */
		B99F0E3D1AA98E13003D83BA /* FG */ = {
			isa = PBXNativeTarget;
			buildConfigurationList = B99F0E611AA98E13003D83BA /* Build configuration list for PBXNativeTarget "FG" */;
			buildPhases = (
				B99F0E3A1AA98E13003D83BA /* Sources */,
				B99F0E3B1AA98E13003D83BA /* Frameworks */,
				B99F0E3C1AA98E13003D83BA /* Resources */,
			);
			buildRules = (
			);
			dependencies = (
			);
			name = FG;
			productName = FG;
			productReference = B99F0E3E1AA98E13003D83BA /* FG.app */;
			productType = "com.apple.product-type.application";
		};
		B99F0E561AA98E13003D83BA /* FGTests */ = {
			isa = PBXNativeTarget;
			buildConfigurationList = B99F0E641AA98E13003D83BA /* Build configuration list for PBXNativeTarget "FGTests" */;
			buildPhases = (
				B99F0E531AA98E13003D83BA /* Sources */,
				B99F0E541AA98E13003D83BA /* Frameworks */,
				B99F0E551AA98E13003D83BA /* Resources */,
			);
			buildRules = (
			);
			dependencies = (
				B99F0E591AA98E13003D83BA /* PBXTargetDependency */,
			);
			name = FGTests;
			productName = FGTests;
			productReference = B99F0E571AA98E13003D83BA /* FGTests.xctest */;
			productType = "com.apple.product-type.bundle.unit-test";
		};
/* End PBXNativeTarget section */

/* Begin PBXProject section */
		B99F0E361AA98E13003D83BA /* Project object */ = {
			isa = PBXProject;
			attributes = {
				LastUpgradeCheck = 0610;
				ORGANIZATIONNAME = FG;
				TargetAttributes = {
					B99F0E3D1AA98E13003D83BA = {
						CreatedOnToolsVersion = 6.1.1;
					};
					B99F0E561AA98E13003D83BA = {
						CreatedOnToolsVersion = 6.1.1;
						TestTargetID = B99F0E3D1AA98E13003D83BA;
					};
				};
			};
			buildConfigurationList = B99F0E391AA98E13003D83BA /* Build configuration list for PBXProject "FG" */;
			compatibilityVersion = "Xcode 3.2";
			developmentRegion = English;
			hasScannedForEncodings = 0;
			knownRegions = (
				en,
				Base,
			);
			mainGroup = B99F0E351AA98E13003D83BA;
			productRefGroup = B99F0E3F1AA98E13003D83BA /* Products */;
			projectDirPath = "";
			projectRoot = "";
			targets = (
				B99F0E3D1AA98E13003D83BA /* FG */,
				B99F0E561AA98E13003D83BA /* FGTests */,
			);
		};
/* End PBXProject section */

/* Begin PBXResourcesBuildPhase section */
		B99F0E3C1AA98E13003D83BA /* Resources */ = {
			isa = PBXResourcesBuildPhase;
			buildActionMask = 2147483647;
			files = (
				B99F0E4D1AA98E13003D83BA /* Main.storyboard in Resources */,
				B99F0E521AA98E13003D83BA /* LaunchScreen.xib in Resources */,
				B99F0E4F1AA98E13003D83BA /* Images.xcassets in Resources */,
			);
			runOnlyForDeploymentPostprocessing = 0;
		};
		B99F0E551AA98E13003D83BA /* Resources */ = {
			isa = PBXResourcesBuildPhase;
			buildActionMask = 2147483647;
			files = (
			);
			runOnlyForDeploymentPostprocessing = 0;
		};
/* End PBXResourcesBuildPhase section */

/* Begin PBXSourcesBuildPhase section */
		B99F0E3A1AA98E13003D83BA /* Sources */ = {
			isa = PBXSourcesBuildPhase;
			buildActionMask = 2147483647;
			files = (
				B99F0E4A1AA98E13003D83BA /* ViewController.m in Sources */,
				B99F0E471AA98E13003D83BA /* AppDelegate.m in Sources */,
				B99F0E441AA98E13003D83BA /* main.m in Sources */,
			);
			runOnlyForDeploymentPostprocessing = 0;
		};
		B99F0E531AA98E13003D83BA /* Sources */ = {
			isa = PBXSourcesBuildPhase;
			buildActionMask = 2147483647;
			files = (
				B99F0E5E1AA98E13003D83BA /* FGTests.m in Sources */,
			);
			runOnlyForDeploymentPostprocessing = 0;
		};
/* End PBXSourcesBuildPhase section */

/* Begin PBXTargetDependency section */
		B99F0E591AA98E13003D83BA /* PBXTargetDependency */ = {
			isa = PBXTargetDependency;
			target = B99F0E3D1AA98E13003D83BA /* FG */;
			targetProxy = B99F0E581AA98E13003D83BA /* PBXContainerItemProxy */;
		};
/* End PBXTargetDependency section */

/* Begin PBXVariantGroup section */
		B99F0E4B1AA98E13003D83BA /* Main.storyboard */ = {
			isa = PBXVariantGroup;
			children = (
				B99F0E4C1AA98E13003D83BA /* Base */,
			);
			name = Main.storyboard;
			sourceTree = "<group>";
		};
		B99F0E501AA98E13003D83BA /* LaunchScreen.xib */ = {
			isa = PBXVariantGroup;
			children = (
				B99F0E511AA98E13003D83BA /* Base */,
			);
			name = LaunchScreen.xib;
			sourceTree = "<group>";
		};
/* End PBXVariantGroup section */

/* Begin XCBuildConfiguration section */
		B99F0E5F1AA98E13003D83BA /* Debug */ = {
			isa = XCBuildConfiguration;
			buildSettings = {
				ALWAYS_SEARCH_USER_PATHS = NO;
				CLANG_CXX_LANGUAGE_STANDARD = "gnu++0x";
				CLANG_CXX_LIBRARY = "libc++";
				CLANG_ENABLE_MODULES = YES;
				CLANG_ENABLE_OBJC_ARC = YES;
				CLANG_WARN_BOOL_CONVERSION = YES;
				CLANG_WARN_CONSTANT_CONVERSION = YES;
				CLANG_WARN_DIRECT_OBJC_ISA_USAGE = YES_ERROR;
				CLANG_WARN_EMPTY_BODY = YES;
				CLANG_WARN_ENUM_CONVERSION = YES;
				CLANG_WARN_INT_CONVERSION = YES;
				CLANG_WARN_OBJC_ROOT_CLASS = YES_ERROR;
				CLANG_WARN_UNREACHABLE_CODE = YES;
				CLANG_WARN__DUPLICATE_METHOD_MATCH = YES;
				"CODE_SIGN_IDENTITY[sdk=iphoneos*]" = "iPhone Developer";
				COPY_PHASE_STRIP = NO;
				ENABLE_STRICT_OBJC_MSGSEND = YES;
				GCC_C_LANGUAGE_STANDARD = gnu99;
				GCC_DYNAMIC_NO_PIC = NO;
				GCC_OPTIMIZATION_LEVEL = 0;
				GCC_PREPROCESSOR_DEFINITIONS = (
					"DEBUG=1",
					"$(inherited)",
				);
				GCC_SYMBOLS_PRIVATE_EXTERN = NO;
				GCC_WARN_64_TO_32_BIT_CONVERSION = YES;
				GCC_WARN_ABOUT_RETURN_TYPE = YES_ERROR;
				GCC_WARN_UNDECLARED_SELECTOR = YES;
				GCC_WARN_UNINITIALIZED_AUTOS = YES_AGGRESSIVE;
				GCC_WARN_UNUSED_FUNCTION = YES;
				GCC_WARN_UNUSED_VARIABLE = YES;
				IPHONEOS_DEPLOYMENT_TARGET = 8.1;
				MTL_ENABLE_DEBUG_INFO = YES;
				ONLY_ACTIVE_ARCH = YES;
				SDKROOT = iphoneos;
				TARGETED_DEVICE_FAMILY = "1,2";
			};
			name = Debug;
		};
		B99F0E601AA98E13003D83BA /* Release */ = {
			isa = XCBuildConfiguration;
			buildSettings = {
				ALWAYS_SEARCH_USER_PATHS = NO;
				CLANG_CXX_LANGUAGE_STANDARD = "gnu++0x";
				CLANG_CXX_LIBRARY = "libc++";
				CLANG_ENABLE_MODULES = YES;
				CLANG_ENABLE_OBJC_ARC = YES;
				CLANG_WARN_BOOL_CONVERSION = YES;
				CLANG_WARN_CONSTANT_CONVERSION = YES;
				CLANG_WARN_DIRECT_OBJC_ISA_USAGE = YES_ERROR;
				CLANG_WARN_EMPTY_BODY = YES;
				CLANG_WARN_ENUM_CONVERSION = YES;
				CLANG_WARN_INT_CONVERSION = YES;
				CLANG_WARN_OBJC_ROOT_CLASS = YES_ERROR;
				CLANG_WARN_UNREACHABLE_CODE = YES;
				CLANG_WARN__DUPLICATE_METHOD_MATCH = YES;
				"CODE_SIGN_IDENTITY[sdk=iphoneos*]" = "iPhone Developer";
				COPY_PHASE_STRIP = YES;
				ENABLE_NS_ASSERTIONS = NO;
				ENABLE_STRICT_OBJC_MSGSEND = YES;
				GCC_C_LANGUAGE_STANDARD = gnu99;
				GCC_WARN_64_TO_32_BIT_CONVERSION = YES;
				GCC_WARN_ABOUT_RETURN_TYPE = YES_ERROR;
				GCC_WARN_UNDECLARED_SELECTOR = YES;
				GCC_WARN_UNINITIALIZED_AUTOS = YES_AGGRESSIVE;
				GCC_WARN_UNUSED_FUNCTION = YES;
				GCC_WARN_UNUSED_VARIABLE = YES;
				IPHONEOS_DEPLOYMENT_TARGET = 8.1;
				MTL_ENABLE_DEBUG_INFO = NO;
				SDKROOT = iphoneos;
				TARGETED_DEVICE_FAMILY = "1,2";
				VALIDATE_PRODUCT = YES;
			};
			name = Release;
		};
		B99F0E621AA98E13003D83BA /* Debug */ = {
			isa = XCBuildConfiguration;
			buildSettings = {
				ASSETCATALOG_COMPILER_APPICON_NAME = AppIcon;
				INFOPLIST_FILE = FG/Info.plist;
				LD_RUNPATH_SEARCH_PATHS = "$(inherited) @executable_path/Frameworks";
				PRODUCT_NAME = "$(TARGET_NAME)";
			};
			name = Debug;
		};
		B99F0E631AA98E13003D83BA /* Release */ = {
			isa = XCBuildConfiguration;
			buildSettings = {
				ASSETCATALOG_COMPILER_APPICON_NAME = AppIcon;
				INFOPLIST_FILE = FG/Info.plist;
				LD_RUNPATH_SEARCH_PATHS = "$(inherited) @executable_path/Frameworks";
				PRODUCT_NAME = "$(TARGET_NAME)";
			};
			name = Release;
		};
		B99F0E651AA98E13003D83BA /* Debug */ = {
			isa = XCBuildConfiguration;
			buildSettings = {
				BUNDLE_LOADER = "$(TEST_HOST)";
				FRAMEWORK_SEARCH_PATHS = (
					"$(SDKROOT)/Developer/Library/Frameworks",
					"$(inherited)",
				);
				GCC_PREPROCESSOR_DEFINITIONS = (
					"DEBUG=1",
					"$(inherited)",
				);
				INFOPLIST_FILE = FGTests/Info.plist;
				LD_RUNPATH_SEARCH_PATHS = "$(inherited) @executable_path/Frameworks @loader_path/Frameworks";
				PRODUCT_NAME = "$(TARGET_NAME)";
				TEST_HOST = "$(BUILT_PRODUCTS_DIR)/FG.app/FG";
			};
			name = Debug;
		};
		B99F0E661AA98E13003D83BA /* Release */ = {
			isa = XCBuildConfiguration;
			buildSettings = {
				BUNDLE_LOADER = "$(TEST_HOST)";
				FRAMEWORK_SEARCH_PATHS = (
					"$(SDKROOT)/Developer/Library/Frameworks",
					"$(inherited)",
				);
				INFOPLIST_FILE = FGTests/Info.plist;
				LD_RUNPATH_SEARCH_PATHS = "$(inherited) @executable_path/Frameworks @loader_path/Frameworks";
				PRODUCT_NAME = "$(TARGET_NAME)";
				TEST_HOST = "$(BUILT_PRODUCTS_DIR)/FG.app/FG";
			};
			name = Release;
		};
/* End XCBuildConfiguration section */

/* Begin XCConfigurationList section */
		B99F0E391AA98E13003D83BA /* Build configuration list for PBXProject "FG" */ = {
			isa = XCConfigurationList;
			buildConfigurations = (
				B99F0E5F1AA98E13003D83BA /* Debug */,
				B99F0E601AA98E13003D83BA /* Release */,
			);
			defaultConfigurationIsVisible = 0;
			defaultConfigurationName = Release;
		};
		B99F0E611AA98E13003D83BA /* Build configuration list for PBXNativeTarget "FG" */ = {
			isa = XCConfigurationList;
			buildConfigurations = (
				B99F0E621AA98E13003D83BA /* Debug */,
				B99F0E631AA98E13003D83BA /* Release */,
			);
			defaultConfigurationIsVisible = 0;
		};
		B99F0E641AA98E13003D83BA /* Build configuration list for PBXNativeTarget "FGTests" */ = {
			isa = XCConfigurationList;
			buildConfigurations = (
				B99F0E651AA98E13003D83BA /* Debug */,
				B99F0E661AA98E13003D83BA /* Release */,
			);
			defaultConfigurationIsVisible = 0;
		};
/* End XCConfigurationList section */
	};
	rootObject = B99F0E361AA98E13003D83BA /* Project object */;
}
